
Microsoft Visual Studio Solution File, Format Version 12.00
# Visual Studio Version 17
VisualStudioVersion = 17.0.31903.59
MinimumVisualStudioVersion = 10.0.40219.1
Project("{FAE04EC0-301F-11D3-BF4B-00C04F79EFBC}") = "Client", "Client\Client.csproj", "{23F1F029-305D-41ED-8C46-C1690B4B9A8B}"
EndProject
Project("{FAE04EC0-301F-11D3-BF4B-00C04F79EFBC}") = "Server", "Server\Server.csproj", "{9159CA84-F531-432E-B3DA-306F0D785F9E}"
EndProject
Project("{FAE04EC0-301F-11D3-BF4B-00C04F79EFBC}") = "Common", "Common\Common.csproj", "{77972CD3-12C7-4858-BA2B-2F52438F8E34}"
EndProject
Project("{2150E333-8FDC-42A3-9474-1A3956D46DE8}") = "Solution Items", "Solution Items", "{90429889-FC6A-489C-B147-3F7C61F81A81}"
	ProjectSection(SolutionItems) = preProject
		docker-compose.yaml = docker-compose.yaml
	EndProjectSection
EndProject
Global
	GlobalSection(SolutionConfigurationPlatforms) = preSolution
		Debug|Any CPU = Debug|Any CPU
		Release|Any CPU = Release|Any CPU
	EndGlobalSection
	GlobalSection(SolutionProperties) = preSolution
		HideSolutionNode = FALSE
	EndGlobalSection
	GlobalSection(ProjectConfigurationPlatforms) = postSolution
		{23F1F029-305D-41ED-8C46-C1690B4B9A8B}.Debug|Any CPU.ActiveCfg = Debug|Any CPU
		{23F1F029-305D-41ED-8C46-C1690B4B9A8B}.Debug|Any CPU.Build.0 = Debug|Any CPU
		{23F1F029-305D-41ED-8C46-C1690B4B9A8B}.Release|Any CPU.ActiveCfg = Release|Any CPU
		{23F1F029-305D-41ED-8C46-C1690B4B9A8B}.Release|Any CPU.Build.0 = Release|Any CPU
		{9159CA84-F531-432E-B3DA-306F0D785F9E}.Debug|Any CPU.ActiveCfg = Debug|Any CPU
		{9159CA84-F531-432E-B3DA-306F0D785F9E}.Debug|Any CPU.Build.0 = Debug|Any CPU
		{9159CA84-F531-432E-B3DA-306F0D785F9E}.Release|Any CPU.ActiveCfg = Release|Any CPU
		{9159CA84-F531-432E-B3DA-306F0D785F9E}.Release|Any CPU.Build.0 = Release|Any CPU
		{77972CD3-12C7-4858-BA2B-2F52438F8E34}.Debug|Any CPU.ActiveCfg = Debug|Any CPU
		{77972CD3-12C7-4858-BA2B-2F52438F8E34}.Debug|Any CPU.Build.0 = Debug|Any CPU
		{77972CD3-12C7-4858-BA2B-2F52438F8E34}.Release|Any CPU.ActiveCfg = Release|Any CPU
		{77972CD3-12C7-4858-BA2B-2F52438F8E34}.Release|Any CPU.Build.0 = Release|Any CPU
	EndGlobalSection
EndGlobal
